// !$*UTF8*$!
{
	archiveVersion = 1;
	classes = {
	};
	objectVersion = 56;
	objects = {

/* Begin PBXBuildFile section */
		F945DDD12B078A3600848EC6 /* AppDelegate.swift in Sources */ = {isa = PBXBuildFile; fileRef = F945DDD02B078A3600848EC6 /* AppDelegate.swift */; };
		F945DDD32B078A3600848EC6 /* SceneDelegate.swift in Sources */ = {isa = PBXBuildFile; fileRef = F945DDD22B078A3600848EC6 /* SceneDelegate.swift */; };
		F945DDD52B078A3600848EC6 /* ViewController.swift in Sources */ = {isa = PBXBuildFile; fileRef = F945DDD42B078A3600848EC6 /* ViewController.swift */; };
		F945DDD82B078A3600848EC6 /* Main.storyboard in Resources */ = {isa = PBXBuildFile; fileRef = F945DDD62B078A3600848EC6 /* Main.storyboard */; };
		F945DDDA2B078A3700848EC6 /* Assets.xcassets in Resources */ = {isa = PBXBuildFile; fileRef = F945DDD92B078A3700848EC6 /* Assets.xcassets */; };
		F945DDDD2B078A3700848EC6 /* LaunchScreen.storyboard in Resources */ = {isa = PBXBuildFile; fileRef = F945DDDB2B078A3700848EC6 /* LaunchScreen.storyboard */; };
		F945DDE52B078AED00848EC6 /* AppRepository.swift in Sources */ = {isa = PBXBuildFile; fileRef = F945DDE42B078AED00848EC6 /* AppRepository.swift */; };
		F945DDE82B078BEB00848EC6 /* SnapKit in Frameworks */ = {isa = PBXBuildFile; productRef = F945DDE72B078BEB00848EC6 /* SnapKit */; };
		F99FEEAE2B0FE0C800B82F51 /* QuizController.swift in Sources */ = {isa = PBXBuildFile; fileRef = F99FEEAD2B0FE0C800B82F51 /* QuizController.swift */; };
		F99FEEB02B0FE12100B82F51 /* ResultController.swift in Sources */ = {isa = PBXBuildFile; fileRef = F99FEEAF2B0FE12100B82F51 /* ResultController.swift */; };
		F99FEEB22B0FF43400B82F51 /* Game.swift in Sources */ = {isa = PBXBuildFile; fileRef = F99FEEB12B0FF43400B82F51 /* Game.swift */; };
		F99FEEB42B0FF5F100B82F51 /* MenuTableViewCell.swift in Sources */ = {isa = PBXBuildFile; fileRef = F99FEEB32B0FF5F100B82F51 /* MenuTableViewCell.swift */; };
		F9FB04F32B2E7FB00019CE0B /* ModeCollectionViewCell.swift in Sources */ = {isa = PBXBuildFile; fileRef = F9FB04F22B2E7FB00019CE0B /* ModeCollectionViewCell.swift */; };
		F9FB04FE2B31E77B0019CE0B /* Lexend-Black.ttf in Resources */ = {isa = PBXBuildFile; fileRef = F9FB04F52B31E77B0019CE0B /* Lexend-Black.ttf */; };
		F9FB04FF2B31E77B0019CE0B /* Lexend-SemiBold.ttf in Resources */ = {isa = PBXBuildFile; fileRef = F9FB04F62B31E77B0019CE0B /* Lexend-SemiBold.ttf */; };
		F9FB05002B31E77B0019CE0B /* Lexend.ttf in Resources */ = {isa = PBXBuildFile; fileRef = F9FB04F72B31E77B0019CE0B /* Lexend.ttf */; };
		F9FB05012B31E77B0019CE0B /* Lexend-Thin.ttf in Resources */ = {isa = PBXBuildFile; fileRef = F9FB04F82B31E77B0019CE0B /* Lexend-Thin.ttf */; };
		F9FB05022B31E77B0019CE0B /* Lexend-ExtraBold.ttf in Resources */ = {isa = PBXBuildFile; fileRef = F9FB04F92B31E77B0019CE0B /* Lexend-ExtraBold.ttf */; };
		F9FB05032B31E77B0019CE0B /* Lexend-ExtraLight.ttf in Resources */ = {isa = PBXBuildFile; fileRef = F9FB04FA2B31E77B0019CE0B /* Lexend-ExtraLight.ttf */; };
		F9FB05042B31E77B0019CE0B /* Lexend-Bold.ttf in Resources */ = {isa = PBXBuildFile; fileRef = F9FB04FB2B31E77B0019CE0B /* Lexend-Bold.ttf */; };
		F9FB05052B31E77B0019CE0B /* Lexend-Medium.ttf in Resources */ = {isa = PBXBuildFile; fileRef = F9FB04FC2B31E77B0019CE0B /* Lexend-Medium.ttf */; };
		F9FB05062B31E77B0019CE0B /* Lexend-Light.ttf in Resources */ = {isa = PBXBuildFile; fileRef = F9FB04FD2B31E77B0019CE0B /* Lexend-Light.ttf */; };
		F9FB05082B322EDC0019CE0B /* Font.swift in Sources */ = {isa = PBXBuildFile; fileRef = F9FB05072B322EDC0019CE0B /* Font.swift */; };
		F9FB050A2B324C4D0019CE0B /* CustomHeader.swift in Sources */ = {isa = PBXBuildFile; fileRef = F9FB05092B324C4D0019CE0B /* CustomHeader.swift */; };
		F9FB050C2B324F5A0019CE0B /* Extension+UIView.swift in Sources */ = {isa = PBXBuildFile; fileRef = F9FB050B2B324F590019CE0B /* Extension+UIView.swift */; };
		F9FB050E2B324F7A0019CE0B /* Extension+UIColor.swift in Sources */ = {isa = PBXBuildFile; fileRef = F9FB050D2B324F7A0019CE0B /* Extension+UIColor.swift */; };
		F9FB05102B325F310019CE0B /* OptionCollectionViewCell.swift in Sources */ = {isa = PBXBuildFile; fileRef = F9FB050F2B325F310019CE0B /* OptionCollectionViewCell.swift */; };
		F9FB05132B32869F0019CE0B /* CustomHeaderView.swift in Sources */ = {isa = PBXBuildFile; fileRef = F9FB05122B32869F0019CE0B /* CustomHeaderView.swift */; };
		F9FB05152B328BD60019CE0B /* TableController.swift in Sources */ = {isa = PBXBuildFile; fileRef = F9FB05142B328BD60019CE0B /* TableController.swift */; };
		F9FB05172B328D820019CE0B /* CountryTableViewCell.swift in Sources */ = {isa = PBXBuildFile; fileRef = F9FB05162B328D820019CE0B /* CountryTableViewCell.swift */; };
/* End PBXBuildFile section */

/* Begin PBXFileReference section */
		F945DDCD2B078A3600848EC6 /* FlagsExplorer.app */ = {isa = PBXFileReference; explicitFileType = wrapper.application; includeInIndex = 0; path = FlagsExplorer.app; sourceTree = BUILT_PRODUCTS_DIR; };
		F945DDD02B078A3600848EC6 /* AppDelegate.swift */ = {isa = PBXFileReference; lastKnownFileType = sourcecode.swift; path = AppDelegate.swift; sourceTree = "<group>"; };
		F945DDD22B078A3600848EC6 /* SceneDelegate.swift */ = {isa = PBXFileReference; lastKnownFileType = sourcecode.swift; path = SceneDelegate.swift; sourceTree = "<group>"; };
		F945DDD42B078A3600848EC6 /* ViewController.swift */ = {isa = PBXFileReference; lastKnownFileType = sourcecode.swift; path = ViewController.swift; sourceTree = "<group>"; };
		F945DDD72B078A3600848EC6 /* Base */ = {isa = PBXFileReference; lastKnownFileType = file.storyboard; name = Base; path = Base.lproj/Main.storyboard; sourceTree = "<group>"; };
		F945DDD92B078A3700848EC6 /* Assets.xcassets */ = {isa = PBXFileReference; lastKnownFileType = folder.assetcatalog; path = Assets.xcassets; sourceTree = "<group>"; };
		F945DDDC2B078A3700848EC6 /* Base */ = {isa = PBXFileReference; lastKnownFileType = file.storyboard; name = Base; path = Base.lproj/LaunchScreen.storyboard; sourceTree = "<group>"; };
		F945DDDE2B078A3700848EC6 /* Info.plist */ = {isa = PBXFileReference; lastKnownFileType = text.plist.xml; path = Info.plist; sourceTree = "<group>"; };
		F945DDE42B078AED00848EC6 /* AppRepository.swift */ = {isa = PBXFileReference; lastKnownFileType = sourcecode.swift; path = AppRepository.swift; sourceTree = "<group>"; };
		F99FEEAD2B0FE0C800B82F51 /* QuizController.swift */ = {isa = PBXFileReference; lastKnownFileType = sourcecode.swift; path = QuizController.swift; sourceTree = "<group>"; };
		F99FEEAF2B0FE12100B82F51 /* ResultController.swift */ = {isa = PBXFileReference; lastKnownFileType = sourcecode.swift; path = ResultController.swift; sourceTree = "<group>"; };
		F99FEEB12B0FF43400B82F51 /* Game.swift */ = {isa = PBXFileReference; lastKnownFileType = sourcecode.swift; path = Game.swift; sourceTree = "<group>"; };
		F99FEEB32B0FF5F100B82F51 /* MenuTableViewCell.swift */ = {isa = PBXFileReference; lastKnownFileType = sourcecode.swift; path = MenuTableViewCell.swift; sourceTree = "<group>"; };
		F9FB04F22B2E7FB00019CE0B /* ModeCollectionViewCell.swift */ = {isa = PBXFileReference; lastKnownFileType = sourcecode.swift; path = ModeCollectionViewCell.swift; sourceTree = "<group>"; };
		F9FB04F52B31E77B0019CE0B /* Lexend-Black.ttf */ = {isa = PBXFileReference; lastKnownFileType = file; path = "Lexend-Black.ttf"; sourceTree = "<group>"; };
		F9FB04F62B31E77B0019CE0B /* Lexend-SemiBold.ttf */ = {isa = PBXFileReference; lastKnownFileType = file; path = "Lexend-SemiBold.ttf"; sourceTree = "<group>"; };
		F9FB04F72B31E77B0019CE0B /* Lexend.ttf */ = {isa = PBXFileReference; lastKnownFileType = file; path = Lexend.ttf; sourceTree = "<group>"; };
		F9FB04F82B31E77B0019CE0B /* Lexend-Thin.ttf */ = {isa = PBXFileReference; lastKnownFileType = file; path = "Lexend-Thin.ttf"; sourceTree = "<group>"; };
		F9FB04F92B31E77B0019CE0B /* Lexend-ExtraBold.ttf */ = {isa = PBXFileReference; lastKnownFileType = file; path = "Lexend-ExtraBold.ttf"; sourceTree = "<group>"; };
		F9FB04FA2B31E77B0019CE0B /* Lexend-ExtraLight.ttf */ = {isa = PBXFileReference; lastKnownFileType = file; path = "Lexend-ExtraLight.ttf"; sourceTree = "<group>"; };
		F9FB04FB2B31E77B0019CE0B /* Lexend-Bold.ttf */ = {isa = PBXFileReference; lastKnownFileType = file; path = "Lexend-Bold.ttf"; sourceTree = "<group>"; };
		F9FB04FC2B31E77B0019CE0B /* Lexend-Medium.ttf */ = {isa = PBXFileReference; lastKnownFileType = file; path = "Lexend-Medium.ttf"; sourceTree = "<group>"; };
		F9FB04FD2B31E77B0019CE0B /* Lexend-Light.ttf */ = {isa = PBXFileReference; lastKnownFileType = file; path = "Lexend-Light.ttf"; sourceTree = "<group>"; };
		F9FB05072B322EDC0019CE0B /* Font.swift */ = {isa = PBXFileReference; lastKnownFileType = sourcecode.swift; path = Font.swift; sourceTree = "<group>"; };
		F9FB05092B324C4D0019CE0B /* CustomHeader.swift */ = {isa = PBXFileReference; lastKnownFileType = sourcecode.swift; path = CustomHeader.swift; sourceTree = "<group>"; };
		F9FB050B2B324F590019CE0B /* Extension+UIView.swift */ = {isa = PBXFileReference; lastKnownFileType = sourcecode.swift; path = "Extension+UIView.swift"; sourceTree = "<group>"; };
		F9FB050D2B324F7A0019CE0B /* Extension+UIColor.swift */ = {isa = PBXFileReference; lastKnownFileType = sourcecode.swift; path = "Extension+UIColor.swift"; sourceTree = "<group>"; };
		F9FB050F2B325F310019CE0B /* OptionCollectionViewCell.swift */ = {isa = PBXFileReference; lastKnownFileType = sourcecode.swift; path = OptionCollectionViewCell.swift; sourceTree = "<group>"; };
		F9FB05122B32869F0019CE0B /* CustomHeaderView.swift */ = {isa = PBXFileReference; lastKnownFileType = sourcecode.swift; path = CustomHeaderView.swift; sourceTree = "<group>"; };
		F9FB05142B328BD60019CE0B /* TableController.swift */ = {isa = PBXFileReference; lastKnownFileType = sourcecode.swift; path = TableController.swift; sourceTree = "<group>"; };
		F9FB05162B328D820019CE0B /* CountryTableViewCell.swift */ = {isa = PBXFileReference; lastKnownFileType = sourcecode.swift; path = CountryTableViewCell.swift; sourceTree = "<group>"; };
/* End PBXFileReference section */

/* Begin PBXFrameworksBuildPhase section */
		F945DDCA2B078A3600848EC6 /* Frameworks */ = {
			isa = PBXFrameworksBuildPhase;
			buildActionMask = 2147483647;
			files = (
				F945DDE82B078BEB00848EC6 /* SnapKit in Frameworks */,
			);
			runOnlyForDeploymentPostprocessing = 0;
		};
/* End PBXFrameworksBuildPhase section */

/* Begin PBXGroup section */
		F945DDC42B078A3600848EC6 = {
			isa = PBXGroup;
			children = (
				F945DDCF2B078A3600848EC6 /* FlagsExplorer */,
				F945DDCE2B078A3600848EC6 /* Products */,
			);
			sourceTree = "<group>";
		};
		F945DDCE2B078A3600848EC6 /* Products */ = {
			isa = PBXGroup;
			children = (
				F945DDCD2B078A3600848EC6 /* FlagsExplorer.app */,
			);
			name = Products;
			sourceTree = "<group>";
		};
		F945DDCF2B078A3600848EC6 /* FlagsExplorer */ = {
			isa = PBXGroup;
			children = (
				F9FB04F42B31E61B0019CE0B /* Font */,
				F945DDD02B078A3600848EC6 /* AppDelegate.swift */,
				F945DDD22B078A3600848EC6 /* SceneDelegate.swift */,
				F99FEEB12B0FF43400B82F51 /* Game.swift */,
				F945DDE42B078AED00848EC6 /* AppRepository.swift */,
				F945DDD42B078A3600848EC6 /* ViewController.swift */,
				F99FEEB32B0FF5F100B82F51 /* MenuTableViewCell.swift */,
				F9FB04F22B2E7FB00019CE0B /* ModeCollectionViewCell.swift */,
				F99FEEAD2B0FE0C800B82F51 /* QuizController.swift */,
				F99FEEAF2B0FE12100B82F51 /* ResultController.swift */,
				F945DDD62B078A3600848EC6 /* Main.storyboard */,
				F945DDD92B078A3700848EC6 /* Assets.xcassets */,
				F945DDDB2B078A3700848EC6 /* LaunchScreen.storyboard */,
				F945DDDE2B078A3700848EC6 /* Info.plist */,
				F9FB05072B322EDC0019CE0B /* Font.swift */,
				F9FB05092B324C4D0019CE0B /* CustomHeader.swift */,
				F9FB050B2B324F590019CE0B /* Extension+UIView.swift */,
				F9FB050D2B324F7A0019CE0B /* Extension+UIColor.swift */,
				F9FB050F2B325F310019CE0B /* OptionCollectionViewCell.swift */,
				F9FB05122B32869F0019CE0B /* CustomHeaderView.swift */,
				F9FB05142B328BD60019CE0B /* TableController.swift */,
				F9FB05162B328D820019CE0B /* CountryTableViewCell.swift */,
			);
			path = FlagsExplorer;
			sourceTree = "<group>";
		};
		F9FB04F42B31E61B0019CE0B /* Font */ = {
			isa = PBXGroup;
			children = (
				F9FB04F52B31E77B0019CE0B /* Lexend-Black.ttf */,
				F9FB04FB2B31E77B0019CE0B /* Lexend-Bold.ttf */,
				F9FB04F92B31E77B0019CE0B /* Lexend-ExtraBold.ttf */,
				F9FB04FA2B31E77B0019CE0B /* Lexend-ExtraLight.ttf */,
				F9FB04FD2B31E77B0019CE0B /* Lexend-Light.ttf */,
				F9FB04FC2B31E77B0019CE0B /* Lexend-Medium.ttf */,
				F9FB04F62B31E77B0019CE0B /* Lexend-SemiBold.ttf */,
				F9FB04F82B31E77B0019CE0B /* Lexend-Thin.ttf */,
				F9FB04F72B31E77B0019CE0B /* Lexend.ttf */,
			);
			path = Font;
			sourceTree = "<group>";
		};
/* End PBXGroup section */

/* Begin PBXNativeTarget section */
		F945DDCC2B078A3600848EC6 /* FlagsExplorer */ = {
			isa = PBXNativeTarget;
			buildConfigurationList = F945DDE12B078A3700848EC6 /* Build configuration list for PBXNativeTarget "FlagsExplorer" */;
			buildPhases = (
				F945DDC92B078A3600848EC6 /* Sources */,
				F945DDCA2B078A3600848EC6 /* Frameworks */,
				F945DDCB2B078A3600848EC6 /* Resources */,
			);
			buildRules = (
			);
			dependencies = (
			);
			name = FlagsExplorer;
			packageProductDependencies = (
				F945DDE72B078BEB00848EC6 /* SnapKit */,
			);
			productName = FlagsExplorer;
			productReference = F945DDCD2B078A3600848EC6 /* FlagsExplorer.app */;
			productType = "com.apple.product-type.application";
		};
/* End PBXNativeTarget section */

/* Begin PBXProject section */
		F945DDC52B078A3600848EC6 /* Project object */ = {
			isa = PBXProject;
			attributes = {
				BuildIndependentTargetsInParallel = 1;
				LastSwiftUpdateCheck = 1500;
				LastUpgradeCheck = 1500;
				TargetAttributes = {
					F945DDCC2B078A3600848EC6 = {
						CreatedOnToolsVersion = 15.0.1;
					};
				};
			};
			buildConfigurationList = F945DDC82B078A3600848EC6 /* Build configuration list for PBXProject "FlagsExplorer" */;
			compatibilityVersion = "Xcode 14.0";
			developmentRegion = en;
			hasScannedForEncodings = 0;
			knownRegions = (
				en,
				Base,
			);
			mainGroup = F945DDC42B078A3600848EC6;
			packageReferences = (
				F945DDE62B078BEB00848EC6 /* XCRemoteSwiftPackageReference "SnapKit" */,
			);
			productRefGroup = F945DDCE2B078A3600848EC6 /* Products */;
			projectDirPath = "";
			projectRoot = "";
			targets = (
				F945DDCC2B078A3600848EC6 /* FlagsExplorer */,
			);
		};
/* End PBXProject section */

/* Begin PBXResourcesBuildPhase section */
		F945DDCB2B078A3600848EC6 /* Resources */ = {
			isa = PBXResourcesBuildPhase;
			buildActionMask = 2147483647;
			files = (
				F9FB04FF2B31E77B0019CE0B /* Lexend-SemiBold.ttf in Resources */,
				F9FB05062B31E77B0019CE0B /* Lexend-Light.ttf in Resources */,
				F945DDDD2B078A3700848EC6 /* LaunchScreen.storyboard in Resources */,
				F9FB05022B31E77B0019CE0B /* Lexend-ExtraBold.ttf in Resources */,
				F945DDDA2B078A3700848EC6 /* Assets.xcassets in Resources */,
				F9FB04FE2B31E77B0019CE0B /* Lexend-Black.ttf in Resources */,
				F9FB05052B31E77B0019CE0B /* Lexend-Medium.ttf in Resources */,
				F9FB05042B31E77B0019CE0B /* Lexend-Bold.ttf in Resources */,
				F9FB05002B31E77B0019CE0B /* Lexend.ttf in Resources */,
				F9FB05032B31E77B0019CE0B /* Lexend-ExtraLight.ttf in Resources */,
				F9FB05012B31E77B0019CE0B /* Lexend-Thin.ttf in Resources */,
				F945DDD82B078A3600848EC6 /* Main.storyboard in Resources */,
			);
			runOnlyForDeploymentPostprocessing = 0;
		};
/* End PBXResourcesBuildPhase section */

/* Begin PBXSourcesBuildPhase section */
		F945DDC92B078A3600848EC6 /* Sources */ = {
			isa = PBXSourcesBuildPhase;
			buildActionMask = 2147483647;
			files = (
				F9FB050A2B324C4D0019CE0B /* CustomHeader.swift in Sources */,
				F99FEEAE2B0FE0C800B82F51 /* QuizController.swift in Sources */,
				F9FB050C2B324F5A0019CE0B /* Extension+UIView.swift in Sources */,
				F99FEEB22B0FF43400B82F51 /* Game.swift in Sources */,
				F9FB05082B322EDC0019CE0B /* Font.swift in Sources */,
				F945DDD52B078A3600848EC6 /* ViewController.swift in Sources */,
				F9FB05172B328D820019CE0B /* CountryTableViewCell.swift in Sources */,
				F945DDD12B078A3600848EC6 /* AppDelegate.swift in Sources */,
				F99FEEB42B0FF5F100B82F51 /* MenuTableViewCell.swift in Sources */,
				F945DDD32B078A3600848EC6 /* SceneDelegate.swift in Sources */,
				F99FEEB02B0FE12100B82F51 /* ResultController.swift in Sources */,
				F9FB05132B32869F0019CE0B /* CustomHeaderView.swift in Sources */,
				F945DDE52B078AED00848EC6 /* AppRepository.swift in Sources */,
				F9FB05152B328BD60019CE0B /* TableController.swift in Sources */,
				F9FB05102B325F310019CE0B /* OptionCollectionViewCell.swift in Sources */,
				F9FB050E2B324F7A0019CE0B /* Extension+UIColor.swift in Sources */,
				F9FB04F32B2E7FB00019CE0B /* ModeCollectionViewCell.swift in Sources */,
			);
			runOnlyForDeploymentPostprocessing = 0;
		};
/* End PBXSourcesBuildPhase section */

/* Begin PBXVariantGroup section */
		F945DDD62B078A3600848EC6 /* Main.storyboard */ = {
			isa = PBXVariantGroup;
			children = (
				F945DDD72B078A3600848EC6 /* Base */,
			);
			name = Main.storyboard;
			sourceTree = "<group>";
		};
		F945DDDB2B078A3700848EC6 /* LaunchScreen.storyboard */ = {
			isa = PBXVariantGroup;
			children = (
				F945DDDC2B078A3700848EC6 /* Base */,
			);
			name = LaunchScreen.storyboard;
			sourceTree = "<group>";
		};
/* End PBXVariantGroup section */

/* Begin XCBuildConfiguration section */
		F945DDDF2B078A3700848EC6 /* Debug */ = {
			isa = XCBuildConfiguration;
			buildSettings = {
				ALWAYS_SEARCH_USER_PATHS = NO;
				ASSETCATALOG_COMPILER_GENERATE_SWIFT_ASSET_SYMBOL_EXTENSIONS = YES;
				CLANG_ANALYZER_NONNULL = YES;
				CLANG_ANALYZER_NUMBER_OBJECT_CONVERSION = YES_AGGRESSIVE;
				CLANG_CXX_LANGUAGE_STANDARD = "gnu++20";
				CLANG_ENABLE_MODULES = YES;
				CLANG_ENABLE_OBJC_ARC = YES;
				CLANG_ENABLE_OBJC_WEAK = YES;
				CLANG_WARN_BLOCK_CAPTURE_AUTORELEASING = YES;
				CLANG_WARN_BOOL_CONVERSION = YES;
				CLANG_WARN_COMMA = YES;
				CLANG_WARN_CONSTANT_CONVERSION = YES;
				CLANG_WARN_DEPRECATED_OBJC_IMPLEMENTATIONS = YES;
				CLANG_WARN_DIRECT_OBJC_ISA_USAGE = YES_ERROR;
				CLANG_WARN_DOCUMENTATION_COMMENTS = YES;
				CLANG_WARN_EMPTY_BODY = YES;
				CLANG_WARN_ENUM_CONVERSION = YES;
				CLANG_WARN_INFINITE_RECURSION = YES;
				CLANG_WARN_INT_CONVERSION = YES;
				CLANG_WARN_NON_LITERAL_NULL_CONVERSION = YES;
				CLANG_WARN_OBJC_IMPLICIT_RETAIN_SELF = YES;
				CLANG_WARN_OBJC_LITERAL_CONVERSION = YES;
				CLANG_WARN_OBJC_ROOT_CLASS = YES_ERROR;
				CLANG_WARN_QUOTED_INCLUDE_IN_FRAMEWORK_HEADER = YES;
				CLANG_WARN_RANGE_LOOP_ANALYSIS = YES;
				CLANG_WARN_STRICT_PROTOTYPES = YES;
				CLANG_WARN_SUSPICIOUS_MOVE = YES;
				CLANG_WARN_UNGUARDED_AVAILABILITY = YES_AGGRESSIVE;
				CLANG_WARN_UNREACHABLE_CODE = YES;
				CLANG_WARN__DUPLICATE_METHOD_MATCH = YES;
				COPY_PHASE_STRIP = NO;
				DEBUG_INFORMATION_FORMAT = dwarf;
				ENABLE_STRICT_OBJC_MSGSEND = YES;
				ENABLE_TESTABILITY = YES;
				ENABLE_USER_SCRIPT_SANDBOXING = YES;
				GCC_C_LANGUAGE_STANDARD = gnu17;
				GCC_DYNAMIC_NO_PIC = NO;
				GCC_NO_COMMON_BLOCKS = YES;
				GCC_OPTIMIZATION_LEVEL = 0;
				GCC_PREPROCESSOR_DEFINITIONS = (
					"DEBUG=1",
					"$(inherited)",
				);
				GCC_WARN_64_TO_32_BIT_CONVERSION = YES;
				GCC_WARN_ABOUT_RETURN_TYPE = YES_ERROR;
				GCC_WARN_UNDECLARED_SELECTOR = YES;
				GCC_WARN_UNINITIALIZED_AUTOS = YES_AGGRESSIVE;
				GCC_WARN_UNUSED_FUNCTION = YES;
				GCC_WARN_UNUSED_VARIABLE = YES;
				IPHONEOS_DEPLOYMENT_TARGET = 17.0;
				LOCALIZATION_PREFERS_STRING_CATALOGS = YES;
				MTL_ENABLE_DEBUG_INFO = INCLUDE_SOURCE;
				MTL_FAST_MATH = YES;
				ONLY_ACTIVE_ARCH = YES;
				SDKROOT = iphoneos;
				SWIFT_ACTIVE_COMPILATION_CONDITIONS = "DEBUG $(inherited)";
				SWIFT_OPTIMIZATION_LEVEL = "-Onone";
			};
			name = Debug;
		};
		F945DDE02B078A3700848EC6 /* Release */ = {
			isa = XCBuildConfiguration;
			buildSettings = {
				ALWAYS_SEARCH_USER_PATHS = NO;
				ASSETCATALOG_COMPILER_GENERATE_SWIFT_ASSET_SYMBOL_EXTENSIONS = YES;
				CLANG_ANALYZER_NONNULL = YES;
				CLANG_ANALYZER_NUMBER_OBJECT_CONVERSION = YES_AGGRESSIVE;
				CLANG_CXX_LANGUAGE_STANDARD = "gnu++20";
				CLANG_ENABLE_MODULES = YES;
				CLANG_ENABLE_OBJC_ARC = YES;
				CLANG_ENABLE_OBJC_WEAK = YES;
				CLANG_WARN_BLOCK_CAPTURE_AUTORELEASING = YES;
				CLANG_WARN_BOOL_CONVERSION = YES;
				CLANG_WARN_COMMA = YES;
				CLANG_WARN_CONSTANT_CONVERSION = YES;
				CLANG_WARN_DEPRECATED_OBJC_IMPLEMENTATIONS = YES;
				CLANG_WARN_DIRECT_OBJC_ISA_USAGE = YES_ERROR;
				CLANG_WARN_DOCUMENTATION_COMMENTS = YES;
				CLANG_WARN_EMPTY_BODY = YES;
				CLANG_WARN_ENUM_CONVERSION = YES;
				CLANG_WARN_INFINITE_RECURSION = YES;
				CLANG_WARN_INT_CONVERSION = YES;
				CLANG_WARN_NON_LITERAL_NULL_CONVERSION = YES;
				CLANG_WARN_OBJC_IMPLICIT_RETAIN_SELF = YES;
				CLANG_WARN_OBJC_LITERAL_CONVERSION = YES;
				CLANG_WARN_OBJC_ROOT_CLASS = YES_ERROR;
				CLANG_WARN_QUOTED_INCLUDE_IN_FRAMEWORK_HEADER = YES;
				CLANG_WARN_RANGE_LOOP_ANALYSIS = YES;
				CLANG_WARN_STRICT_PROTOTYPES = YES;
				CLANG_WARN_SUSPICIOUS_MOVE = YES;
				CLANG_WARN_UNGUARDED_AVAILABILITY = YES_AGGRESSIVE;
				CLANG_WARN_UNREACHABLE_CODE = YES;
				CLANG_WARN__DUPLICATE_METHOD_MATCH = YES;
				COPY_PHASE_STRIP = NO;
				DEBUG_INFORMATION_FORMAT = "dwarf-with-dsym";
				ENABLE_NS_ASSERTIONS = NO;
				ENABLE_STRICT_OBJC_MSGSEND = YES;
				ENABLE_USER_SCRIPT_SANDBOXING = YES;
				GCC_C_LANGUAGE_STANDARD = gnu17;
				GCC_NO_COMMON_BLOCKS = YES;
				GCC_WARN_64_TO_32_BIT_CONVERSION = YES;
				GCC_WARN_ABOUT_RETURN_TYPE = YES_ERROR;
				GCC_WARN_UNDECLARED_SELECTOR = YES;
				GCC_WARN_UNINITIALIZED_AUTOS = YES_AGGRESSIVE;
				GCC_WARN_UNUSED_FUNCTION = YES;
				GCC_WARN_UNUSED_VARIABLE = YES;
				IPHONEOS_DEPLOYMENT_TARGET = 17.0;
				LOCALIZATION_PREFERS_STRING_CATALOGS = YES;
				MTL_ENABLE_DEBUG_INFO = NO;
				MTL_FAST_MATH = YES;
				SDKROOT = iphoneos;
				SWIFT_COMPILATION_MODE = wholemodule;
				VALIDATE_PRODUCT = YES;
			};
			name = Release;
		};
		F945DDE22B078A3700848EC6 /* Debug */ = {
			isa = XCBuildConfiguration;
			buildSettings = {
				ASSETCATALOG_COMPILER_APPICON_NAME = AppIcon;
				ASSETCATALOG_COMPILER_GLOBAL_ACCENT_COLOR_NAME = AccentColor;
				CODE_SIGN_STYLE = Automatic;
				CURRENT_PROJECT_VERSION = 1;
				DEVELOPMENT_TEAM = S7NYSPKT35;
				GENERATE_INFOPLIST_FILE = YES;
				INFOPLIST_FILE = FlagsExplorer/Info.plist;
				INFOPLIST_KEY_UIApplicationSupportsIndirectInputEvents = YES;
				INFOPLIST_KEY_UILaunchStoryboardName = LaunchScreen;
				INFOPLIST_KEY_UIMainStoryboardFile = Main;
				INFOPLIST_KEY_UISupportedInterfaceOrientations_iPad = "UIInterfaceOrientationPortrait UIInterfaceOrientationPortraitUpsideDown UIInterfaceOrientationLandscapeLeft UIInterfaceOrientationLandscapeRight";
				INFOPLIST_KEY_UISupportedInterfaceOrientations_iPhone = "UIInterfaceOrientationPortrait UIInterfaceOrientationLandscapeLeft UIInterfaceOrientationLandscapeRight";
				LD_RUNPATH_SEARCH_PATHS = (
					"$(inherited)",
					"@executable_path/Frameworks",
				);
				MARKETING_VERSION = 1.0;
				PRODUCT_BUNDLE_IDENTIFIER = goofeat.FlagsExplorer;
				PRODUCT_NAME = "$(TARGET_NAME)";
				SUPPORTED_PLATFORMS = "iphoneos iphonesimulator";
				SUPPORTS_MACCATALYST = NO;
				SUPPORTS_MAC_DESIGNED_FOR_IPHONE_IPAD = NO;
				SWIFT_EMIT_LOC_STRINGS = YES;
				SWIFT_VERSION = 5.0;
				TARGETED_DEVICE_FAMILY = 1;
			};
			name = Debug;
		};
		F945DDE32B078A3700848EC6 /* Release */ = {
			isa = XCBuildConfiguration;
			buildSettings = {
				ASSETCATALOG_COMPILER_APPICON_NAME = AppIcon;
				ASSETCATALOG_COMPILER_GLOBAL_ACCENT_COLOR_NAME = AccentColor;
				CODE_SIGN_STYLE = Automatic;
				CURRENT_PROJECT_VERSION = 1;
				DEVELOPMENT_TEAM = S7NYSPKT35;
				GENERATE_INFOPLIST_FILE = YES;
				INFOPLIST_FILE = FlagsExplorer/Info.plist;
				INFOPLIST_KEY_UIApplicationSupportsIndirectInputEvents = YES;
				INFOPLIST_KEY_UILaunchStoryboardName = LaunchScreen;
				INFOPLIST_KEY_UIMainStoryboardFile = Main;
				INFOPLIST_KEY_UISupportedInterfaceOrientations_iPad = "UIInterfaceOrientationPortrait UIInterfaceOrientationPortraitUpsideDown UIInterfaceOrientationLandscapeLeft UIInterfaceOrientationLandscapeRight";
				INFOPLIST_KEY_UISupportedInterfaceOrientations_iPhone = "UIInterfaceOrientationPortrait UIInterfaceOrientationLandscapeLeft UIInterfaceOrientationLandscapeRight";
				LD_RUNPATH_SEARCH_PATHS = (
					"$(inherited)",
					"@executable_path/Frameworks",
				);
				MARKETING_VERSION = 1.0;
				PRODUCT_BUNDLE_IDENTIFIER = goofeat.FlagsExplorer;
				PRODUCT_NAME = "$(TARGET_NAME)";
				SUPPORTED_PLATFORMS = "iphoneos iphonesimulator";
				SUPPORTS_MACCATALYST = NO;
				SUPPORTS_MAC_DESIGNED_FOR_IPHONE_IPAD = NO;
				SWIFT_EMIT_LOC_STRINGS = YES;
				SWIFT_VERSION = 5.0;
				TARGETED_DEVICE_FAMILY = 1;
			};
			name = Release;
		};
/* End XCBuildConfiguration section */

/* Begin XCConfigurationList section */
		F945DDC82B078A3600848EC6 /* Build configuration list for PBXProject "FlagsExplorer" */ = {
			isa = XCConfigurationList;
			buildConfigurations = (
				F945DDDF2B078A3700848EC6 /* Debug */,
				F945DDE02B078A3700848EC6 /* Release */,
			);
			defaultConfigurationIsVisible = 0;
			defaultConfigurationName = Release;
		};
		F945DDE12B078A3700848EC6 /* Build configuration list for PBXNativeTarget "FlagsExplorer" */ = {
			isa = XCConfigurationList;
			buildConfigurations = (
				F945DDE22B078A3700848EC6 /* Debug */,
				F945DDE32B078A3700848EC6 /* Release */,
			);
			defaultConfigurationIsVisible = 0;
			defaultConfigurationName = Release;
		};
/* End XCConfigurationList section */

/* Begin XCRemoteSwiftPackageReference section */
		F945DDE62B078BEB00848EC6 /* XCRemoteSwiftPackageReference "SnapKit" */ = {
			isa = XCRemoteSwiftPackageReference;
			repositoryURL = "https://github.com/SnapKit/SnapKit.git";
			requirement = {
				kind = upToNextMajorVersion;
				minimumVersion = 5.6.0;
			};
		};
/* End XCRemoteSwiftPackageReference section */

/* Begin XCSwiftPackageProductDependency section */
		F945DDE72B078BEB00848EC6 /* SnapKit */ = {
			isa = XCSwiftPackageProductDependency;
			package = F945DDE62B078BEB00848EC6 /* XCRemoteSwiftPackageReference "SnapKit" */;
			productName = SnapKit;
		};
/* End XCSwiftPackageProductDependency section */
	};
	rootObject = F945DDC52B078A3600848EC6 /* Project object */;
}
